{
  "name": "carrito-compras-facultad",
  "version": "1.0.0",
  "lockfileVersion": 3,
  "requires": true,
  "packages": {
    "": {
      "name": "carrito-compras-facultad",
      "version": "1.0.0",
      "license": "ISC",
      "dependencies": {
        "carrito-compras-facultad": "file:"
      }
    },
    "node_modules/carrito-compras-facultad": {
      "resolved": "",
      "link": true
    }
  }
}
